{
  "name": "@reqall/codex-plugin",
  "version": "2026.9.1",
  "lockfileVersion": 3,
  "requires": true,
  "packages": {
    "": {
      "name": "@reqall/codex-plugin",
      "version": "2026.9.1",
      "license": "MIT",
      "bin": {
        "reqall-guardrail": "scripts/reqall-guardrail.mjs",
        "reqall-codex-plugin": "scripts/reqall-codex-plugin.mjs"
      },
      "engines": {
        "node": ">=20"
      }
    }
  }
}
