{
  "name": "@reqall/codex-plugin",
  "version": "2026.3.22",
  "lockfileVersion": 3,
  "requires": true,
  "packages": {
    "": {
      "name": "@reqall/codex-plugin",
      "version": "2026.3.22",
      "bin": {
        "reqall-guardrail": "scripts/reqall-guardrail.mjs",
        "reqall-codex-plugin": "scripts/reqall-codex-plugin.mjs"
      },
      "license": "MIT"
    }
  }
}
